
Microsoft Visual Studio Solution File, Format Version 12.00
# Visual Studio Version 17
VisualStudioVersion = 17.9.34622.214
MinimumVisualStudioVersion = 10.0.40219.1
Project("{FAE04EC0-301F-11D3-BF4B-00C04F79EFBC}") = "Lab19", "Lab19\Lab19.csproj", "{F5DABEEE-3719-4627-8EC5-658A52372AA4}"
EndProject
Global
	GlobalSection(SolutionConfigurationPlatforms) = preSolution
		Debug|Any CPU = Debug|Any CPU
		Release|Any CPU = Release|Any CPU
	EndGlobalSection
	GlobalSection(ProjectConfigurationPlatforms) = postSolution
		{F5DABEEE-3719-4627-8EC5-658A52372AA4}.Debug|Any CPU.ActiveCfg = Debug|Any CPU
		{F5DABEEE-3719-4627-8EC5-658A52372AA4}.Debug|Any CPU.Build.0 = Debug|Any CPU
		{F5DABEEE-3719-4627-8EC5-658A52372AA4}.Release|Any CPU.ActiveCfg = Release|Any CPU
		{F5DABEEE-3719-4627-8EC5-658A52372AA4}.Release|Any CPU.Build.0 = Release|Any CPU
	EndGlobalSection
	GlobalSection(SolutionProperties) = preSolution
		HideSolutionNode = FALSE
	EndGlobalSection
	GlobalSection(ExtensibilityGlobals) = postSolution
		SolutionGuid = {C830868A-7FEE-4F08-A93C-367CF66B3E77}
	EndGlobalSection
EndGlobal
