
Microsoft Visual Studio Solution File, Format Version 12.00
# Visual Studio Version 17
VisualStudioVersion = 17.9.34622.214
MinimumVisualStudioVersion = 10.0.40219.1
Project("{FAE04EC0-301F-11D3-BF4B-00C04F79EFBC}") = "Lab18", "Lab18\Lab18.csproj", "{23259A65-2B36-4700-ADC4-E92CA554B5A1}"
EndProject
Global
	GlobalSection(SolutionConfigurationPlatforms) = preSolution
		Debug|Any CPU = Debug|Any CPU
		Release|Any CPU = Release|Any CPU
	EndGlobalSection
	GlobalSection(ProjectConfigurationPlatforms) = postSolution
		{23259A65-2B36-4700-ADC4-E92CA554B5A1}.Debug|Any CPU.ActiveCfg = Debug|Any CPU
		{23259A65-2B36-4700-ADC4-E92CA554B5A1}.Debug|Any CPU.Build.0 = Debug|Any CPU
		{23259A65-2B36-4700-ADC4-E92CA554B5A1}.Release|Any CPU.ActiveCfg = Release|Any CPU
		{23259A65-2B36-4700-ADC4-E92CA554B5A1}.Release|Any CPU.Build.0 = Release|Any CPU
	EndGlobalSection
	GlobalSection(SolutionProperties) = preSolution
		HideSolutionNode = FALSE
	EndGlobalSection
	GlobalSection(ExtensibilityGlobals) = postSolution
		SolutionGuid = {F7937818-DB96-49DB-94B5-FA5386C4AF2E}
	EndGlobalSection
EndGlobal
