
Microsoft Visual Studio Solution File, Format Version 12.00
# Visual Studio Version 17
VisualStudioVersion = 17.9.34622.214
MinimumVisualStudioVersion = 10.0.40219.1
Project("{FAE04EC0-301F-11D3-BF4B-00C04F79EFBC}") = "Lab25", "Lab25\Lab25.csproj", "{546C90FD-054B-41C7-99C4-C4C3745BF299}"
EndProject
Global
	GlobalSection(SolutionConfigurationPlatforms) = preSolution
		Debug|Any CPU = Debug|Any CPU
		Release|Any CPU = Release|Any CPU
	EndGlobalSection
	GlobalSection(ProjectConfigurationPlatforms) = postSolution
		{546C90FD-054B-41C7-99C4-C4C3745BF299}.Debug|Any CPU.ActiveCfg = Debug|Any CPU
		{546C90FD-054B-41C7-99C4-C4C3745BF299}.Debug|Any CPU.Build.0 = Debug|Any CPU
		{546C90FD-054B-41C7-99C4-C4C3745BF299}.Release|Any CPU.ActiveCfg = Release|Any CPU
		{546C90FD-054B-41C7-99C4-C4C3745BF299}.Release|Any CPU.Build.0 = Release|Any CPU
	EndGlobalSection
	GlobalSection(SolutionProperties) = preSolution
		HideSolutionNode = FALSE
	EndGlobalSection
	GlobalSection(ExtensibilityGlobals) = postSolution
		SolutionGuid = {556C1909-9095-4195-9770-AD9B91BEB0F3}
	EndGlobalSection
EndGlobal
