
Microsoft Visual Studio Solution File, Format Version 12.00
# Visual Studio Version 17
VisualStudioVersion = 17.9.34622.214
MinimumVisualStudioVersion = 10.0.40219.1
Project("{FAE04EC0-301F-11D3-BF4B-00C04F79EFBC}") = "Lab14", "Lab14\Lab14.csproj", "{5E2BF29A-A1C7-4BEB-AF55-69B6AD933F29}"
EndProject
Global
	GlobalSection(SolutionConfigurationPlatforms) = preSolution
		Debug|Any CPU = Debug|Any CPU
		Release|Any CPU = Release|Any CPU
	EndGlobalSection
	GlobalSection(ProjectConfigurationPlatforms) = postSolution
		{5E2BF29A-A1C7-4BEB-AF55-69B6AD933F29}.Debug|Any CPU.ActiveCfg = Debug|Any CPU
		{5E2BF29A-A1C7-4BEB-AF55-69B6AD933F29}.Debug|Any CPU.Build.0 = Debug|Any CPU
		{5E2BF29A-A1C7-4BEB-AF55-69B6AD933F29}.Release|Any CPU.ActiveCfg = Release|Any CPU
		{5E2BF29A-A1C7-4BEB-AF55-69B6AD933F29}.Release|Any CPU.Build.0 = Release|Any CPU
	EndGlobalSection
	GlobalSection(SolutionProperties) = preSolution
		HideSolutionNode = FALSE
	EndGlobalSection
	GlobalSection(ExtensibilityGlobals) = postSolution
		SolutionGuid = {FA27FF26-6F84-4CA0-9D46-39DB0E8F3748}
	EndGlobalSection
EndGlobal
