
Microsoft Visual Studio Solution File, Format Version 12.00
# Visual Studio Version 17
VisualStudioVersion = 17.9.34622.214
MinimumVisualStudioVersion = 10.0.40219.1
Project("{FAE04EC0-301F-11D3-BF4B-00C04F79EFBC}") = "Lab21", "Lab21\Lab21.csproj", "{8CCF8195-233F-4B5A-852B-15720E5BB10A}"
EndProject
Global
	GlobalSection(SolutionConfigurationPlatforms) = preSolution
		Debug|Any CPU = Debug|Any CPU
		Release|Any CPU = Release|Any CPU
	EndGlobalSection
	GlobalSection(ProjectConfigurationPlatforms) = postSolution
		{8CCF8195-233F-4B5A-852B-15720E5BB10A}.Debug|Any CPU.ActiveCfg = Debug|Any CPU
		{8CCF8195-233F-4B5A-852B-15720E5BB10A}.Debug|Any CPU.Build.0 = Debug|Any CPU
		{8CCF8195-233F-4B5A-852B-15720E5BB10A}.Release|Any CPU.ActiveCfg = Release|Any CPU
		{8CCF8195-233F-4B5A-852B-15720E5BB10A}.Release|Any CPU.Build.0 = Release|Any CPU
	EndGlobalSection
	GlobalSection(SolutionProperties) = preSolution
		HideSolutionNode = FALSE
	EndGlobalSection
	GlobalSection(ExtensibilityGlobals) = postSolution
		SolutionGuid = {5790AFB2-4DD2-4E29-B72A-BC67BE9C24E5}
	EndGlobalSection
EndGlobal
